
Microsoft Visual Studio Solution File, Format Version 12.00
# Visual Studio Version 17
VisualStudioVersion = 17.7.34018.315
MinimumVisualStudioVersion = 10.0.40219.1
Project("{9A19103F-16F7-4668-BE54-9A1E7A4F7556}") = "MusicCenterADMIN", "MusicCenterADMIN.csproj", "{45742E25-A286-471D-BC2E-9D48A446E3B3}"
EndProject
Project("{FAE04EC0-301F-11D3-BF4B-00C04F79EFBC}") = "MusicCenterADMIN_API", "..\MusicCenterADMIN_API\MusicCenterADMIN_API.csproj", "{E94CEFEE-63D0-4D03-B7EA-60E37963623B}"
EndProject
Global
	GlobalSection(SolutionConfigurationPlatforms) = preSolution
		Debug|Any CPU = Debug|Any CPU
		Release|Any CPU = Release|Any CPU
	EndGlobalSection
	GlobalSection(ProjectConfigurationPlatforms) = postSolution
		{45742E25-A286-471D-BC2E-9D48A446E3B3}.Debug|Any CPU.ActiveCfg = Debug|Any CPU
		{45742E25-A286-471D-BC2E-9D48A446E3B3}.Debug|Any CPU.Build.0 = Debug|Any CPU
		{45742E25-A286-471D-BC2E-9D48A446E3B3}.Release|Any CPU.ActiveCfg = Release|Any CPU
		{45742E25-A286-471D-BC2E-9D48A446E3B3}.Release|Any CPU.Build.0 = Release|Any CPU
		{E94CEFEE-63D0-4D03-B7EA-60E37963623B}.Debug|Any CPU.ActiveCfg = Debug|Any CPU
		{E94CEFEE-63D0-4D03-B7EA-60E37963623B}.Debug|Any CPU.Build.0 = Debug|Any CPU
		{E94CEFEE-63D0-4D03-B7EA-60E37963623B}.Release|Any CPU.ActiveCfg = Release|Any CPU
		{E94CEFEE-63D0-4D03-B7EA-60E37963623B}.Release|Any CPU.Build.0 = Release|Any CPU
	EndGlobalSection
	GlobalSection(SolutionProperties) = preSolution
		HideSolutionNode = FALSE
	EndGlobalSection
	GlobalSection(ExtensibilityGlobals) = postSolution
		SolutionGuid = {7CC09CA8-BF2F-46C8-8909-27A04D6379EF}
	EndGlobalSection
EndGlobal
